
Microsoft Visual Studio Solution File, Format Version 12.00
# Visual Studio Version 17
VisualStudioVersion = 17.7.34031.279
MinimumVisualStudioVersion = 10.0.40219.1
Project("{FAE04EC0-301F-11D3-BF4B-00C04F79EFBC}") = "ADOdemo", "ADOdemo\ADOdemo.csproj", "{78B1B4CD-3F3C-4AF8-B2EE-1C1D0D4D33DB}"
EndProject
Global
	GlobalSection(SolutionConfigurationPlatforms) = preSolution
		Debug|Any CPU = Debug|Any CPU
		Release|Any CPU = Release|Any CPU
	EndGlobalSection
	GlobalSection(ProjectConfigurationPlatforms) = postSolution
		{78B1B4CD-3F3C-4AF8-B2EE-1C1D0D4D33DB}.Debug|Any CPU.ActiveCfg = Debug|Any CPU
		{78B1B4CD-3F3C-4AF8-B2EE-1C1D0D4D33DB}.Debug|Any CPU.Build.0 = Debug|Any CPU
		{78B1B4CD-3F3C-4AF8-B2EE-1C1D0D4D33DB}.Release|Any CPU.ActiveCfg = Release|Any CPU
		{78B1B4CD-3F3C-4AF8-B2EE-1C1D0D4D33DB}.Release|Any CPU.Build.0 = Release|Any CPU
	EndGlobalSection
	GlobalSection(SolutionProperties) = preSolution
		HideSolutionNode = FALSE
	EndGlobalSection
	GlobalSection(ExtensibilityGlobals) = postSolution
		SolutionGuid = {A13D1EFB-B0F9-464E-B944-7DBD30F00D80}
	EndGlobalSection
EndGlobal
